// !$*UTF8*$!
{
	archiveVersion = 1;
	classes = {
	};
	objectVersion = 56;
	objects = {

/* Begin PBXBuildFile section */
		DE57E2352A86240900BA4679 /* AppDelegate.swift in Sources */ = {isa = PBXBuildFile; fileRef = DE57E2342A86240900BA4679 /* AppDelegate.swift */; };
		DE57E2372A86240900BA4679 /* SceneDelegate.swift in Sources */ = {isa = PBXBuildFile; fileRef = DE57E2362A86240900BA4679 /* SceneDelegate.swift */; };
		DE57E2392A86240900BA4679 /* HomeViewController.swift in Sources */ = {isa = PBXBuildFile; fileRef = DE57E2382A86240900BA4679 /* HomeViewController.swift */; };
		DE57E23C2A86240900BA4679 /* Main.storyboard in Resources */ = {isa = PBXBuildFile; fileRef = DE57E23A2A86240900BA4679 /* Main.storyboard */; };
		DE57E23E2A86240B00BA4679 /* Assets.xcassets in Resources */ = {isa = PBXBuildFile; fileRef = DE57E23D2A86240B00BA4679 /* Assets.xcassets */; };
		DE57E2412A86240B00BA4679 /* LaunchScreen.storyboard in Resources */ = {isa = PBXBuildFile; fileRef = DE57E23F2A86240B00BA4679 /* LaunchScreen.storyboard */; };
		DE57E24D2A862E9200BA4679 /* Alamofire in Frameworks */ = {isa = PBXBuildFile; productRef = DE57E24C2A862E9200BA4679 /* Alamofire */; };
		DE57E2502A862E9E00BA4679 /* SwiftyJSON in Frameworks */ = {isa = PBXBuildFile; productRef = DE57E24F2A862E9E00BA4679 /* SwiftyJSON */; };
		DE57E2532A862EAF00BA4679 /* Kingfisher in Frameworks */ = {isa = PBXBuildFile; productRef = DE57E2522A862EAF00BA4679 /* Kingfisher */; };
		DE57E2582A862F1200BA4679 /* TrendMovieCollectionViewCell.swift in Sources */ = {isa = PBXBuildFile; fileRef = DE57E2562A862F1200BA4679 /* TrendMovieCollectionViewCell.swift */; };
		DE57E2592A862F1200BA4679 /* TrendMovieCollectionViewCell.xib in Resources */ = {isa = PBXBuildFile; fileRef = DE57E2572A862F1200BA4679 /* TrendMovieCollectionViewCell.xib */; };
		DE57E25C2A86498100BA4679 /* .gitignore in Resources */ = {isa = PBXBuildFile; fileRef = DE57E25B2A86498100BA4679 /* .gitignore */; };
		DE57E2602A864B2D00BA4679 /* URL+Extension.swift in Sources */ = {isa = PBXBuildFile; fileRef = DE57E25F2A864B2D00BA4679 /* URL+Extension.swift */; };
		DE57E2622A864BF500BA4679 /* EndPoint.swift in Sources */ = {isa = PBXBuildFile; fileRef = DE57E2612A864BF500BA4679 /* EndPoint.swift */; };
		DE57E2662A864E3300BA4679 /* TMDBAPIManager.swift in Sources */ = {isa = PBXBuildFile; fileRef = DE57E2652A864E3300BA4679 /* TMDBAPIManager.swift */; };
		DE57E2682A864ED400BA4679 /* TrendMovieData.swift in Sources */ = {isa = PBXBuildFile; fileRef = DE57E2672A864ED400BA4679 /* TrendMovieData.swift */; };
		DE57E26B2A86504300BA4679 /* ReUsableViewProtocol.swift in Sources */ = {isa = PBXBuildFile; fileRef = DE57E26A2A86504300BA4679 /* ReUsableViewProtocol.swift */; };
		DE57E26F2A89179200BA4679 /* GenresData.swift in Sources */ = {isa = PBXBuildFile; fileRef = DE57E26E2A89179200BA4679 /* GenresData.swift */; };
		DE57E2712A8924FD00BA4679 /* MovieDetailViewController.swift in Sources */ = {isa = PBXBuildFile; fileRef = DE57E2702A8924FD00BA4679 /* MovieDetailViewController.swift */; };
		DE57E2782A89327E00BA4679 /* MovieCastingTableViewCell.swift in Sources */ = {isa = PBXBuildFile; fileRef = DE57E2762A89327E00BA4679 /* MovieCastingTableViewCell.swift */; };
		DE57E2792A89327E00BA4679 /* MovieCastingTableViewCell.xib in Resources */ = {isa = PBXBuildFile; fileRef = DE57E2772A89327E00BA4679 /* MovieCastingTableViewCell.xib */; };
		DE57E27C2A89337B00BA4679 /* MovieTitleTableViewCell.swift in Sources */ = {isa = PBXBuildFile; fileRef = DE57E27A2A89337B00BA4679 /* MovieTitleTableViewCell.swift */; };
		DE57E27D2A89337B00BA4679 /* MovieTitleTableViewCell.xib in Resources */ = {isa = PBXBuildFile; fileRef = DE57E27B2A89337B00BA4679 /* MovieTitleTableViewCell.xib */; };
		DE57E2852A89D91900BA4679 /* APIKeys.swift in Sources */ = {isa = PBXBuildFile; fileRef = DE57E2842A89D91900BA4679 /* APIKeys.swift */; };
		DE57E2882A89E8A200BA4679 /* MovieOverViewTableViewCell.swift in Sources */ = {isa = PBXBuildFile; fileRef = DE57E2862A89E8A200BA4679 /* MovieOverViewTableViewCell.swift */; };
		DE57E2892A89E8A200BA4679 /* MovieOverViewTableViewCell.xib in Resources */ = {isa = PBXBuildFile; fileRef = DE57E2872A89E8A200BA4679 /* MovieOverViewTableViewCell.xib */; };
		DEA9CDA12A8E827A006BA1A4 /* CreditsData.swift in Sources */ = {isa = PBXBuildFile; fileRef = DEA9CDA02A8E827A006BA1A4 /* CreditsData.swift */; };
		DEC8A5E62A8FC11600CBA833 /* TVSeriesViewController.swift in Sources */ = {isa = PBXBuildFile; fileRef = DEC8A5E52A8FC11600CBA833 /* TVSeriesViewController.swift */; };
		DEC8A5EE2A8FC23300CBA833 /* TVSeasonCollectionReusableView.swift in Sources */ = {isa = PBXBuildFile; fileRef = DEC8A5EC2A8FC23300CBA833 /* TVSeasonCollectionReusableView.swift */; };
		DEC8A5EF2A8FC23300CBA833 /* TVSeasonCollectionReusableView.xib in Resources */ = {isa = PBXBuildFile; fileRef = DEC8A5ED2A8FC23300CBA833 /* TVSeasonCollectionReusableView.xib */; };
		DEC8A5F22A8FC24B00CBA833 /* TVEpisodeCollectionViewCell.swift in Sources */ = {isa = PBXBuildFile; fileRef = DEC8A5F02A8FC24B00CBA833 /* TVEpisodeCollectionViewCell.swift */; };
		DEC8A5F32A8FC24B00CBA833 /* TVEpisodeCollectionViewCell.xib in Resources */ = {isa = PBXBuildFile; fileRef = DEC8A5F12A8FC24B00CBA833 /* TVEpisodeCollectionViewCell.xib */; };
		DEC8A5F52A8FC26D00CBA833 /* TVSeriesData.swift in Sources */ = {isa = PBXBuildFile; fileRef = DEC8A5F42A8FC26D00CBA833 /* TVSeriesData.swift */; };
		DEC8A5F72A8FC2C400CBA833 /* TVEpisodeData.swift in Sources */ = {isa = PBXBuildFile; fileRef = DEC8A5F62A8FC2C400CBA833 /* TVEpisodeData.swift */; };
		DEC8A5FB2A925CC600CBA833 /* TVVideoData.swift in Sources */ = {isa = PBXBuildFile; fileRef = DEC8A5FA2A925CC600CBA833 /* TVVideoData.swift */; };
		DEC8A5FD2A925D9400CBA833 /* TVSimilarData.swift in Sources */ = {isa = PBXBuildFile; fileRef = DEC8A5FC2A925D9400CBA833 /* TVSimilarData.swift */; };
		DEC8A5FF2A925FCE00CBA833 /* TVAssociatedViewController.swift in Sources */ = {isa = PBXBuildFile; fileRef = DEC8A5FE2A925FCE00CBA833 /* TVAssociatedViewController.swift */; };
		DEC8A6022A92716700CBA833 /* AssociatedCollectionViewCell.swift in Sources */ = {isa = PBXBuildFile; fileRef = DEC8A6002A92716700CBA833 /* AssociatedCollectionViewCell.swift */; };
		DEC8A6032A92716700CBA833 /* AssociatedCollectionViewCell.xib in Resources */ = {isa = PBXBuildFile; fileRef = DEC8A6012A92716700CBA833 /* AssociatedCollectionViewCell.xib */; };
/* End PBXBuildFile section */

/* Begin PBXFileReference section */
		DE57E2312A86240900BA4679 /* SeSAC_Media.app */ = {isa = PBXFileReference; explicitFileType = wrapper.application; includeInIndex = 0; path = SeSAC_Media.app; sourceTree = BUILT_PRODUCTS_DIR; };
		DE57E2342A86240900BA4679 /* AppDelegate.swift */ = {isa = PBXFileReference; lastKnownFileType = sourcecode.swift; path = AppDelegate.swift; sourceTree = "<group>"; };
		DE57E2362A86240900BA4679 /* SceneDelegate.swift */ = {isa = PBXFileReference; lastKnownFileType = sourcecode.swift; path = SceneDelegate.swift; sourceTree = "<group>"; };
		DE57E2382A86240900BA4679 /* HomeViewController.swift */ = {isa = PBXFileReference; lastKnownFileType = sourcecode.swift; path = HomeViewController.swift; sourceTree = "<group>"; };
		DE57E23B2A86240900BA4679 /* Base */ = {isa = PBXFileReference; lastKnownFileType = file.storyboard; name = Base; path = Base.lproj/Main.storyboard; sourceTree = "<group>"; };
		DE57E23D2A86240B00BA4679 /* Assets.xcassets */ = {isa = PBXFileReference; lastKnownFileType = folder.assetcatalog; path = Assets.xcassets; sourceTree = "<group>"; };
		DE57E2402A86240B00BA4679 /* Base */ = {isa = PBXFileReference; lastKnownFileType = file.storyboard; name = Base; path = Base.lproj/LaunchScreen.storyboard; sourceTree = "<group>"; };
		DE57E2422A86240B00BA4679 /* Info.plist */ = {isa = PBXFileReference; lastKnownFileType = text.plist.xml; path = Info.plist; sourceTree = "<group>"; };
		DE57E2562A862F1200BA4679 /* TrendMovieCollectionViewCell.swift */ = {isa = PBXFileReference; lastKnownFileType = sourcecode.swift; path = TrendMovieCollectionViewCell.swift; sourceTree = "<group>"; };
		DE57E2572A862F1200BA4679 /* TrendMovieCollectionViewCell.xib */ = {isa = PBXFileReference; lastKnownFileType = file.xib; path = TrendMovieCollectionViewCell.xib; sourceTree = "<group>"; };
		DE57E25B2A86498100BA4679 /* .gitignore */ = {isa = PBXFileReference; lastKnownFileType = text; path = .gitignore; sourceTree = "<group>"; };
		DE57E25F2A864B2D00BA4679 /* URL+Extension.swift */ = {isa = PBXFileReference; lastKnownFileType = sourcecode.swift; path = "URL+Extension.swift"; sourceTree = "<group>"; };
		DE57E2612A864BF500BA4679 /* EndPoint.swift */ = {isa = PBXFileReference; lastKnownFileType = sourcecode.swift; path = EndPoint.swift; sourceTree = "<group>"; };
		DE57E2652A864E3300BA4679 /* TMDBAPIManager.swift */ = {isa = PBXFileReference; lastKnownFileType = sourcecode.swift; path = TMDBAPIManager.swift; sourceTree = "<group>"; };
		DE57E2672A864ED400BA4679 /* TrendMovieData.swift */ = {isa = PBXFileReference; lastKnownFileType = sourcecode.swift; path = TrendMovieData.swift; sourceTree = "<group>"; };
		DE57E26A2A86504300BA4679 /* ReUsableViewProtocol.swift */ = {isa = PBXFileReference; lastKnownFileType = sourcecode.swift; path = ReUsableViewProtocol.swift; sourceTree = "<group>"; };
		DE57E26E2A89179200BA4679 /* GenresData.swift */ = {isa = PBXFileReference; lastKnownFileType = sourcecode.swift; path = GenresData.swift; sourceTree = "<group>"; };
		DE57E2702A8924FD00BA4679 /* MovieDetailViewController.swift */ = {isa = PBXFileReference; lastKnownFileType = sourcecode.swift; path = MovieDetailViewController.swift; sourceTree = "<group>"; };
		DE57E2762A89327E00BA4679 /* MovieCastingTableViewCell.swift */ = {isa = PBXFileReference; lastKnownFileType = sourcecode.swift; path = MovieCastingTableViewCell.swift; sourceTree = "<group>"; };
		DE57E2772A89327E00BA4679 /* MovieCastingTableViewCell.xib */ = {isa = PBXFileReference; lastKnownFileType = file.xib; path = MovieCastingTableViewCell.xib; sourceTree = "<group>"; };
		DE57E27A2A89337B00BA4679 /* MovieTitleTableViewCell.swift */ = {isa = PBXFileReference; lastKnownFileType = sourcecode.swift; path = MovieTitleTableViewCell.swift; sourceTree = "<group>"; };
		DE57E27B2A89337B00BA4679 /* MovieTitleTableViewCell.xib */ = {isa = PBXFileReference; lastKnownFileType = file.xib; path = MovieTitleTableViewCell.xib; sourceTree = "<group>"; };
		DE57E2842A89D91900BA4679 /* APIKeys.swift */ = {isa = PBXFileReference; lastKnownFileType = sourcecode.swift; path = APIKeys.swift; sourceTree = "<group>"; };
		DE57E2862A89E8A200BA4679 /* MovieOverViewTableViewCell.swift */ = {isa = PBXFileReference; lastKnownFileType = sourcecode.swift; path = MovieOverViewTableViewCell.swift; sourceTree = "<group>"; };
		DE57E2872A89E8A200BA4679 /* MovieOverViewTableViewCell.xib */ = {isa = PBXFileReference; lastKnownFileType = file.xib; path = MovieOverViewTableViewCell.xib; sourceTree = "<group>"; };
		DEA9CDA02A8E827A006BA1A4 /* CreditsData.swift */ = {isa = PBXFileReference; lastKnownFileType = sourcecode.swift; path = CreditsData.swift; sourceTree = "<group>"; };
		DEC8A5E52A8FC11600CBA833 /* TVSeriesViewController.swift */ = {isa = PBXFileReference; lastKnownFileType = sourcecode.swift; path = TVSeriesViewController.swift; sourceTree = "<group>"; };
		DEC8A5EC2A8FC23300CBA833 /* TVSeasonCollectionReusableView.swift */ = {isa = PBXFileReference; lastKnownFileType = sourcecode.swift; path = TVSeasonCollectionReusableView.swift; sourceTree = "<group>"; };
		DEC8A5ED2A8FC23300CBA833 /* TVSeasonCollectionReusableView.xib */ = {isa = PBXFileReference; lastKnownFileType = file.xib; path = TVSeasonCollectionReusableView.xib; sourceTree = "<group>"; };
		DEC8A5F02A8FC24B00CBA833 /* TVEpisodeCollectionViewCell.swift */ = {isa = PBXFileReference; lastKnownFileType = sourcecode.swift; path = TVEpisodeCollectionViewCell.swift; sourceTree = "<group>"; };
		DEC8A5F12A8FC24B00CBA833 /* TVEpisodeCollectionViewCell.xib */ = {isa = PBXFileReference; lastKnownFileType = file.xib; path = TVEpisodeCollectionViewCell.xib; sourceTree = "<group>"; };
		DEC8A5F42A8FC26D00CBA833 /* TVSeriesData.swift */ = {isa = PBXFileReference; lastKnownFileType = sourcecode.swift; path = TVSeriesData.swift; sourceTree = "<group>"; };
		DEC8A5F62A8FC2C400CBA833 /* TVEpisodeData.swift */ = {isa = PBXFileReference; lastKnownFileType = sourcecode.swift; path = TVEpisodeData.swift; sourceTree = "<group>"; };
		DEC8A5FA2A925CC600CBA833 /* TVVideoData.swift */ = {isa = PBXFileReference; lastKnownFileType = sourcecode.swift; path = TVVideoData.swift; sourceTree = "<group>"; };
		DEC8A5FC2A925D9400CBA833 /* TVSimilarData.swift */ = {isa = PBXFileReference; lastKnownFileType = sourcecode.swift; path = TVSimilarData.swift; sourceTree = "<group>"; };
		DEC8A5FE2A925FCE00CBA833 /* TVAssociatedViewController.swift */ = {isa = PBXFileReference; lastKnownFileType = sourcecode.swift; name = TVAssociatedViewController.swift; path = SeSAC_Media/Presentation/TV/TVAssociatedViewController.swift; sourceTree = SOURCE_ROOT; };
		DEC8A6002A92716700CBA833 /* AssociatedCollectionViewCell.swift */ = {isa = PBXFileReference; lastKnownFileType = sourcecode.swift; path = AssociatedCollectionViewCell.swift; sourceTree = "<group>"; };
		DEC8A6012A92716700CBA833 /* AssociatedCollectionViewCell.xib */ = {isa = PBXFileReference; lastKnownFileType = file.xib; path = AssociatedCollectionViewCell.xib; sourceTree = "<group>"; };
/* End PBXFileReference section */

/* Begin PBXFrameworksBuildPhase section */
		DE57E22E2A86240900BA4679 /* Frameworks */ = {
			isa = PBXFrameworksBuildPhase;
			buildActionMask = 2147483647;
			files = (
				DE57E2532A862EAF00BA4679 /* Kingfisher in Frameworks */,
				DE57E2502A862E9E00BA4679 /* SwiftyJSON in Frameworks */,
				DE57E24D2A862E9200BA4679 /* Alamofire in Frameworks */,
			);
			runOnlyForDeploymentPostprocessing = 0;
		};
/* End PBXFrameworksBuildPhase section */

/* Begin PBXGroup section */
		DE57E2282A86240900BA4679 = {
			isa = PBXGroup;
			children = (
				DE57E2332A86240900BA4679 /* SeSAC_Media */,
				DE57E2322A86240900BA4679 /* Products */,
			);
			sourceTree = "<group>";
		};
		DE57E2322A86240900BA4679 /* Products */ = {
			isa = PBXGroup;
			children = (
				DE57E2312A86240900BA4679 /* SeSAC_Media.app */,
			);
			name = Products;
			sourceTree = "<group>";
		};
		DE57E2332A86240900BA4679 /* SeSAC_Media */ = {
			isa = PBXGroup;
			children = (
				DE57E2692A86500800BA4679 /* Helper */,
				DE57E25A2A862F1B00BA4679 /* Model */,
				DE57E24A2A862C1F00BA4679 /* Resource */,
				DE57E2492A862C1200BA4679 /* Presentation */,
				DE57E2482A862C0500BA4679 /* App */,
				DE57E2422A86240B00BA4679 /* Info.plist */,
				DE57E25B2A86498100BA4679 /* .gitignore */,
				DE57E2842A89D91900BA4679 /* APIKeys.swift */,
			);
			path = SeSAC_Media;
			sourceTree = "<group>";
		};
		DE57E2482A862C0500BA4679 /* App */ = {
			isa = PBXGroup;
			children = (
				DE57E2362A86240900BA4679 /* SceneDelegate.swift */,
				DE57E2342A86240900BA4679 /* AppDelegate.swift */,
			);
			path = App;
			sourceTree = "<group>";
		};
		DE57E2492A862C1200BA4679 /* Presentation */ = {
			isa = PBXGroup;
			children = (
				DEC8A5E42A8FC0BA00CBA833 /* TV */,
				DEA9CD9E2A8E13D1006BA1A4 /* MovieDetailView */,
				DEA9CD9D2A8E1387006BA1A4 /* TrendMovieView */,
			);
			path = Presentation;
			sourceTree = "<group>";
		};
		DE57E24A2A862C1F00BA4679 /* Resource */ = {
			isa = PBXGroup;
			children = (
				DE57E23A2A86240900BA4679 /* Main.storyboard */,
				DE57E23F2A86240B00BA4679 /* LaunchScreen.storyboard */,
				DE57E23D2A86240B00BA4679 /* Assets.xcassets */,
			);
			path = Resource;
			sourceTree = "<group>";
		};
		DE57E25A2A862F1B00BA4679 /* Model */ = {
			isa = PBXGroup;
			children = (
				DE57E25F2A864B2D00BA4679 /* URL+Extension.swift */,
				DE57E2612A864BF500BA4679 /* EndPoint.swift */,
				DE57E2652A864E3300BA4679 /* TMDBAPIManager.swift */,
				DEC8A5FA2A925CC600CBA833 /* TVVideoData.swift */,
				DE57E2672A864ED400BA4679 /* TrendMovieData.swift */,
				DE57E26E2A89179200BA4679 /* GenresData.swift */,
				DEA9CDA02A8E827A006BA1A4 /* CreditsData.swift */,
				DEC8A5F42A8FC26D00CBA833 /* TVSeriesData.swift */,
				DEC8A5F62A8FC2C400CBA833 /* TVEpisodeData.swift */,
				DEC8A5FC2A925D9400CBA833 /* TVSimilarData.swift */,
			);
			path = Model;
			sourceTree = "<group>";
		};
		DE57E2692A86500800BA4679 /* Helper */ = {
			isa = PBXGroup;
			children = (
				DE57E26A2A86504300BA4679 /* ReUsableViewProtocol.swift */,
			);
			path = Helper;
			sourceTree = "<group>";
		};
		DEA9CD9C2A8E135E006BA1A4 /* Cell */ = {
			isa = PBXGroup;
			children = (
				DE57E2562A862F1200BA4679 /* TrendMovieCollectionViewCell.swift */,
				DE57E2572A862F1200BA4679 /* TrendMovieCollectionViewCell.xib */,
			);
			path = Cell;
			sourceTree = "<group>";
		};
		DEA9CD9D2A8E1387006BA1A4 /* TrendMovieView */ = {
			isa = PBXGroup;
			children = (
				DEA9CD9C2A8E135E006BA1A4 /* Cell */,
				DE57E2382A86240900BA4679 /* HomeViewController.swift */,
			);
			path = TrendMovieView;
			sourceTree = "<group>";
		};
		DEA9CD9E2A8E13D1006BA1A4 /* MovieDetailView */ = {
			isa = PBXGroup;
			children = (
				DEA9CD9F2A8E13DF006BA1A4 /* Cells */,
				DE57E2702A8924FD00BA4679 /* MovieDetailViewController.swift */,
			);
			path = MovieDetailView;
			sourceTree = "<group>";
		};
		DEA9CD9F2A8E13DF006BA1A4 /* Cells */ = {
			isa = PBXGroup;
			children = (
				DE57E2862A89E8A200BA4679 /* MovieOverViewTableViewCell.swift */,
				DE57E2872A89E8A200BA4679 /* MovieOverViewTableViewCell.xib */,
				DE57E2762A89327E00BA4679 /* MovieCastingTableViewCell.swift */,
				DE57E2772A89327E00BA4679 /* MovieCastingTableViewCell.xib */,
				DE57E27A2A89337B00BA4679 /* MovieTitleTableViewCell.swift */,
				DE57E27B2A89337B00BA4679 /* MovieTitleTableViewCell.xib */,
			);
			path = Cells;
			sourceTree = "<group>";
		};
		DEC8A5E42A8FC0BA00CBA833 /* TV */ = {
			isa = PBXGroup;
			children = (
				DEC8A5E72A8FC13700CBA833 /* Cells */,
				DEC8A5E52A8FC11600CBA833 /* TVSeriesViewController.swift */,
				DEC8A5FE2A925FCE00CBA833 /* TVAssociatedViewController.swift */,
			);
			path = TV;
			sourceTree = "<group>";
		};
		DEC8A5E72A8FC13700CBA833 /* Cells */ = {
			isa = PBXGroup;
			children = (
				DEC8A5EC2A8FC23300CBA833 /* TVSeasonCollectionReusableView.swift */,
				DEC8A5ED2A8FC23300CBA833 /* TVSeasonCollectionReusableView.xib */,
				DEC8A5F02A8FC24B00CBA833 /* TVEpisodeCollectionViewCell.swift */,
				DEC8A5F12A8FC24B00CBA833 /* TVEpisodeCollectionViewCell.xib */,
				DEC8A6002A92716700CBA833 /* AssociatedCollectionViewCell.swift */,
				DEC8A6012A92716700CBA833 /* AssociatedCollectionViewCell.xib */,
			);
			path = Cells;
			sourceTree = "<group>";
		};
/* End PBXGroup section */

/* Begin PBXNativeTarget section */
		DE57E2302A86240900BA4679 /* SeSAC_Media */ = {
			isa = PBXNativeTarget;
			buildConfigurationList = DE57E2452A86240B00BA4679 /* Build configuration list for PBXNativeTarget "SeSAC_Media" */;
			buildPhases = (
				DE57E22D2A86240900BA4679 /* Sources */,
				DE57E22E2A86240900BA4679 /* Frameworks */,
				DE57E22F2A86240900BA4679 /* Resources */,
			);
			buildRules = (
			);
			dependencies = (
			);
			name = SeSAC_Media;
			packageProductDependencies = (
				DE57E24C2A862E9200BA4679 /* Alamofire */,
				DE57E24F2A862E9E00BA4679 /* SwiftyJSON */,
				DE57E2522A862EAF00BA4679 /* Kingfisher */,
			);
			productName = SeSAC_Media;
			productReference = DE57E2312A86240900BA4679 /* SeSAC_Media.app */;
			productType = "com.apple.product-type.application";
		};
/* End PBXNativeTarget section */

/* Begin PBXProject section */
		DE57E2292A86240900BA4679 /* Project object */ = {
			isa = PBXProject;
			attributes = {
				BuildIndependentTargetsInParallel = 1;
				LastSwiftUpdateCheck = 1430;
				LastUpgradeCheck = 1430;
				TargetAttributes = {
					DE57E2302A86240900BA4679 = {
						CreatedOnToolsVersion = 14.3.1;
					};
				};
			};
			buildConfigurationList = DE57E22C2A86240900BA4679 /* Build configuration list for PBXProject "SeSAC_Media" */;
			compatibilityVersion = "Xcode 14.0";
			developmentRegion = en;
			hasScannedForEncodings = 0;
			knownRegions = (
				en,
				Base,
			);
			mainGroup = DE57E2282A86240900BA4679;
			packageReferences = (
				DE57E24B2A862E9200BA4679 /* XCRemoteSwiftPackageReference "Alamofire" */,
				DE57E24E2A862E9E00BA4679 /* XCRemoteSwiftPackageReference "SwiftyJSON" */,
				DE57E2512A862EAF00BA4679 /* XCRemoteSwiftPackageReference "Kingfisher" */,
			);
			productRefGroup = DE57E2322A86240900BA4679 /* Products */;
			projectDirPath = "";
			projectRoot = "";
			targets = (
				DE57E2302A86240900BA4679 /* SeSAC_Media */,
			);
		};
/* End PBXProject section */

/* Begin PBXResourcesBuildPhase section */
		DE57E22F2A86240900BA4679 /* Resources */ = {
			isa = PBXResourcesBuildPhase;
			buildActionMask = 2147483647;
			files = (
				DEC8A5F32A8FC24B00CBA833 /* TVEpisodeCollectionViewCell.xib in Resources */,
				DE57E25C2A86498100BA4679 /* .gitignore in Resources */,
				DEC8A6032A92716700CBA833 /* AssociatedCollectionViewCell.xib in Resources */,
				DE57E2892A89E8A200BA4679 /* MovieOverViewTableViewCell.xib in Resources */,
				DE57E27D2A89337B00BA4679 /* MovieTitleTableViewCell.xib in Resources */,
				DE57E2412A86240B00BA4679 /* LaunchScreen.storyboard in Resources */,
				DE57E23E2A86240B00BA4679 /* Assets.xcassets in Resources */,
				DE57E2792A89327E00BA4679 /* MovieCastingTableViewCell.xib in Resources */,
				DE57E2592A862F1200BA4679 /* TrendMovieCollectionViewCell.xib in Resources */,
				DE57E23C2A86240900BA4679 /* Main.storyboard in Resources */,
				DEC8A5EF2A8FC23300CBA833 /* TVSeasonCollectionReusableView.xib in Resources */,
			);
			runOnlyForDeploymentPostprocessing = 0;
		};
/* End PBXResourcesBuildPhase section */

/* Begin PBXSourcesBuildPhase section */
		DE57E22D2A86240900BA4679 /* Sources */ = {
			isa = PBXSourcesBuildPhase;
			buildActionMask = 2147483647;
			files = (
				DEC8A5FF2A925FCE00CBA833 /* TVAssociatedViewController.swift in Sources */,
				DEC8A5F72A8FC2C400CBA833 /* TVEpisodeData.swift in Sources */,
				DE57E26F2A89179200BA4679 /* GenresData.swift in Sources */,
				DE57E2392A86240900BA4679 /* HomeViewController.swift in Sources */,
				DEA9CDA12A8E827A006BA1A4 /* CreditsData.swift in Sources */,
				DE57E26B2A86504300BA4679 /* ReUsableViewProtocol.swift in Sources */,
				DE57E2712A8924FD00BA4679 /* MovieDetailViewController.swift in Sources */,
				DE57E2582A862F1200BA4679 /* TrendMovieCollectionViewCell.swift in Sources */,
				DE57E2662A864E3300BA4679 /* TMDBAPIManager.swift in Sources */,
				DE57E2352A86240900BA4679 /* AppDelegate.swift in Sources */,
				DE57E2372A86240900BA4679 /* SceneDelegate.swift in Sources */,
				DE57E2782A89327E00BA4679 /* MovieCastingTableViewCell.swift in Sources */,
				DEC8A5EE2A8FC23300CBA833 /* TVSeasonCollectionReusableView.swift in Sources */,
				DEC8A5FD2A925D9400CBA833 /* TVSimilarData.swift in Sources */,
				DE57E2882A89E8A200BA4679 /* MovieOverViewTableViewCell.swift in Sources */,
				DEC8A5E62A8FC11600CBA833 /* TVSeriesViewController.swift in Sources */,
				DE57E2622A864BF500BA4679 /* EndPoint.swift in Sources */,
				DE57E27C2A89337B00BA4679 /* MovieTitleTableViewCell.swift in Sources */,
				DE57E2602A864B2D00BA4679 /* URL+Extension.swift in Sources */,
				DEC8A5FB2A925CC600CBA833 /* TVVideoData.swift in Sources */,
				DEC8A5F52A8FC26D00CBA833 /* TVSeriesData.swift in Sources */,
				DEC8A6022A92716700CBA833 /* AssociatedCollectionViewCell.swift in Sources */,
				DEC8A5F22A8FC24B00CBA833 /* TVEpisodeCollectionViewCell.swift in Sources */,
				DE57E2852A89D91900BA4679 /* APIKeys.swift in Sources */,
				DE57E2682A864ED400BA4679 /* TrendMovieData.swift in Sources */,
			);
			runOnlyForDeploymentPostprocessing = 0;
		};
/* End PBXSourcesBuildPhase section */

/* Begin PBXVariantGroup section */
		DE57E23A2A86240900BA4679 /* Main.storyboard */ = {
			isa = PBXVariantGroup;
			children = (
				DE57E23B2A86240900BA4679 /* Base */,
			);
			name = Main.storyboard;
			sourceTree = "<group>";
		};
		DE57E23F2A86240B00BA4679 /* LaunchScreen.storyboard */ = {
			isa = PBXVariantGroup;
			children = (
				DE57E2402A86240B00BA4679 /* Base */,
			);
			name = LaunchScreen.storyboard;
			sourceTree = "<group>";
		};
/* End PBXVariantGroup section */

/* Begin XCBuildConfiguration section */
		DE57E2432A86240B00BA4679 /* Debug */ = {
			isa = XCBuildConfiguration;
			buildSettings = {
				ALWAYS_SEARCH_USER_PATHS = NO;
				CLANG_ANALYZER_NONNULL = YES;
				CLANG_ANALYZER_NUMBER_OBJECT_CONVERSION = YES_AGGRESSIVE;
				CLANG_CXX_LANGUAGE_STANDARD = "gnu++20";
				CLANG_ENABLE_MODULES = YES;
				CLANG_ENABLE_OBJC_ARC = YES;
				CLANG_ENABLE_OBJC_WEAK = YES;
				CLANG_WARN_BLOCK_CAPTURE_AUTORELEASING = YES;
				CLANG_WARN_BOOL_CONVERSION = YES;
				CLANG_WARN_COMMA = YES;
				CLANG_WARN_CONSTANT_CONVERSION = YES;
				CLANG_WARN_DEPRECATED_OBJC_IMPLEMENTATIONS = YES;
				CLANG_WARN_DIRECT_OBJC_ISA_USAGE = YES_ERROR;
				CLANG_WARN_DOCUMENTATION_COMMENTS = YES;
				CLANG_WARN_EMPTY_BODY = YES;
				CLANG_WARN_ENUM_CONVERSION = YES;
				CLANG_WARN_INFINITE_RECURSION = YES;
				CLANG_WARN_INT_CONVERSION = YES;
				CLANG_WARN_NON_LITERAL_NULL_CONVERSION = YES;
				CLANG_WARN_OBJC_IMPLICIT_RETAIN_SELF = YES;
				CLANG_WARN_OBJC_LITERAL_CONVERSION = YES;
				CLANG_WARN_OBJC_ROOT_CLASS = YES_ERROR;
				CLANG_WARN_QUOTED_INCLUDE_IN_FRAMEWORK_HEADER = YES;
				CLANG_WARN_RANGE_LOOP_ANALYSIS = YES;
				CLANG_WARN_STRICT_PROTOTYPES = YES;
				CLANG_WARN_SUSPICIOUS_MOVE = YES;
				CLANG_WARN_UNGUARDED_AVAILABILITY = YES_AGGRESSIVE;
				CLANG_WARN_UNREACHABLE_CODE = YES;
				CLANG_WARN__DUPLICATE_METHOD_MATCH = YES;
				COPY_PHASE_STRIP = NO;
				DEBUG_INFORMATION_FORMAT = dwarf;
				ENABLE_STRICT_OBJC_MSGSEND = YES;
				ENABLE_TESTABILITY = YES;
				GCC_C_LANGUAGE_STANDARD = gnu11;
				GCC_DYNAMIC_NO_PIC = NO;
				GCC_NO_COMMON_BLOCKS = YES;
				GCC_OPTIMIZATION_LEVEL = 0;
				GCC_PREPROCESSOR_DEFINITIONS = (
					"DEBUG=1",
					"$(inherited)",
				);
				GCC_WARN_64_TO_32_BIT_CONVERSION = YES;
				GCC_WARN_ABOUT_RETURN_TYPE = YES_ERROR;
				GCC_WARN_UNDECLARED_SELECTOR = YES;
				GCC_WARN_UNINITIALIZED_AUTOS = YES_AGGRESSIVE;
				GCC_WARN_UNUSED_FUNCTION = YES;
				GCC_WARN_UNUSED_VARIABLE = YES;
				IPHONEOS_DEPLOYMENT_TARGET = 16.4;
				MTL_ENABLE_DEBUG_INFO = INCLUDE_SOURCE;
				MTL_FAST_MATH = YES;
				ONLY_ACTIVE_ARCH = YES;
				SDKROOT = iphoneos;
				SWIFT_ACTIVE_COMPILATION_CONDITIONS = DEBUG;
				SWIFT_OPTIMIZATION_LEVEL = "-Onone";
			};
			name = Debug;
		};
		DE57E2442A86240B00BA4679 /* Release */ = {
			isa = XCBuildConfiguration;
			buildSettings = {
				ALWAYS_SEARCH_USER_PATHS = NO;
				CLANG_ANALYZER_NONNULL = YES;
				CLANG_ANALYZER_NUMBER_OBJECT_CONVERSION = YES_AGGRESSIVE;
				CLANG_CXX_LANGUAGE_STANDARD = "gnu++20";
				CLANG_ENABLE_MODULES = YES;
				CLANG_ENABLE_OBJC_ARC = YES;
				CLANG_ENABLE_OBJC_WEAK = YES;
				CLANG_WARN_BLOCK_CAPTURE_AUTORELEASING = YES;
				CLANG_WARN_BOOL_CONVERSION = YES;
				CLANG_WARN_COMMA = YES;
				CLANG_WARN_CONSTANT_CONVERSION = YES;
				CLANG_WARN_DEPRECATED_OBJC_IMPLEMENTATIONS = YES;
				CLANG_WARN_DIRECT_OBJC_ISA_USAGE = YES_ERROR;
				CLANG_WARN_DOCUMENTATION_COMMENTS = YES;
				CLANG_WARN_EMPTY_BODY = YES;
				CLANG_WARN_ENUM_CONVERSION = YES;
				CLANG_WARN_INFINITE_RECURSION = YES;
				CLANG_WARN_INT_CONVERSION = YES;
				CLANG_WARN_NON_LITERAL_NULL_CONVERSION = YES;
				CLANG_WARN_OBJC_IMPLICIT_RETAIN_SELF = YES;
				CLANG_WARN_OBJC_LITERAL_CONVERSION = YES;
				CLANG_WARN_OBJC_ROOT_CLASS = YES_ERROR;
				CLANG_WARN_QUOTED_INCLUDE_IN_FRAMEWORK_HEADER = YES;
				CLANG_WARN_RANGE_LOOP_ANALYSIS = YES;
				CLANG_WARN_STRICT_PROTOTYPES = YES;
				CLANG_WARN_SUSPICIOUS_MOVE = YES;
				CLANG_WARN_UNGUARDED_AVAILABILITY = YES_AGGRESSIVE;
				CLANG_WARN_UNREACHABLE_CODE = YES;
				CLANG_WARN__DUPLICATE_METHOD_MATCH = YES;
				COPY_PHASE_STRIP = NO;
				DEBUG_INFORMATION_FORMAT = "dwarf-with-dsym";
				ENABLE_NS_ASSERTIONS = NO;
				ENABLE_STRICT_OBJC_MSGSEND = YES;
				GCC_C_LANGUAGE_STANDARD = gnu11;
				GCC_NO_COMMON_BLOCKS = YES;
				GCC_WARN_64_TO_32_BIT_CONVERSION = YES;
				GCC_WARN_ABOUT_RETURN_TYPE = YES_ERROR;
				GCC_WARN_UNDECLARED_SELECTOR = YES;
				GCC_WARN_UNINITIALIZED_AUTOS = YES_AGGRESSIVE;
				GCC_WARN_UNUSED_FUNCTION = YES;
				GCC_WARN_UNUSED_VARIABLE = YES;
				IPHONEOS_DEPLOYMENT_TARGET = 16.4;
				MTL_ENABLE_DEBUG_INFO = NO;
				MTL_FAST_MATH = YES;
				SDKROOT = iphoneos;
				SWIFT_COMPILATION_MODE = wholemodule;
				SWIFT_OPTIMIZATION_LEVEL = "-O";
				VALIDATE_PRODUCT = YES;
			};
			name = Release;
		};
		DE57E2462A86240B00BA4679 /* Debug */ = {
			isa = XCBuildConfiguration;
			buildSettings = {
				ASSETCATALOG_COMPILER_APPICON_NAME = AppIcon;
				ASSETCATALOG_COMPILER_GLOBAL_ACCENT_COLOR_NAME = AccentColor;
				CODE_SIGN_STYLE = Automatic;
				CURRENT_PROJECT_VERSION = 1;
				DEVELOPMENT_TEAM = AYG8MBJF93;
				GENERATE_INFOPLIST_FILE = YES;
				INFOPLIST_FILE = SeSAC_Media/Info.plist;
				INFOPLIST_KEY_UIApplicationSupportsIndirectInputEvents = YES;
				INFOPLIST_KEY_UILaunchStoryboardName = LaunchScreen;
				INFOPLIST_KEY_UIMainStoryboardFile = Main;
				INFOPLIST_KEY_UISupportedInterfaceOrientations = UIInterfaceOrientationPortrait;
				INFOPLIST_KEY_UISupportedInterfaceOrientations_iPad = "UIInterfaceOrientationLandscapeLeft UIInterfaceOrientationLandscapeRight UIInterfaceOrientationPortrait UIInterfaceOrientationPortraitUpsideDown";
				LD_RUNPATH_SEARCH_PATHS = (
					"$(inherited)",
					"@executable_path/Frameworks",
				);
				MARKETING_VERSION = 1.0;
				PRODUCT_BUNDLE_IDENTIFIER = "ILWAT-com.github.SeSAC-Media";
				PRODUCT_NAME = "$(TARGET_NAME)";
				SUPPORTED_PLATFORMS = "iphoneos iphonesimulator";
				SUPPORTS_MACCATALYST = NO;
				SUPPORTS_MAC_DESIGNED_FOR_IPHONE_IPAD = YES;
				SWIFT_EMIT_LOC_STRINGS = YES;
				SWIFT_VERSION = 5.0;
				TARGETED_DEVICE_FAMILY = 1;
			};
			name = Debug;
		};
		DE57E2472A86240B00BA4679 /* Release */ = {
			isa = XCBuildConfiguration;
			buildSettings = {
				ASSETCATALOG_COMPILER_APPICON_NAME = AppIcon;
				ASSETCATALOG_COMPILER_GLOBAL_ACCENT_COLOR_NAME = AccentColor;
				CODE_SIGN_STYLE = Automatic;
				CURRENT_PROJECT_VERSION = 1;
				DEVELOPMENT_TEAM = AYG8MBJF93;
				GENERATE_INFOPLIST_FILE = YES;
				INFOPLIST_FILE = SeSAC_Media/Info.plist;
				INFOPLIST_KEY_UIApplicationSupportsIndirectInputEvents = YES;
				INFOPLIST_KEY_UILaunchStoryboardName = LaunchScreen;
				INFOPLIST_KEY_UIMainStoryboardFile = Main;
				INFOPLIST_KEY_UISupportedInterfaceOrientations = UIInterfaceOrientationPortrait;
				INFOPLIST_KEY_UISupportedInterfaceOrientations_iPad = "UIInterfaceOrientationLandscapeLeft UIInterfaceOrientationLandscapeRight UIInterfaceOrientationPortrait UIInterfaceOrientationPortraitUpsideDown";
				LD_RUNPATH_SEARCH_PATHS = (
					"$(inherited)",
					"@executable_path/Frameworks",
				);
				MARKETING_VERSION = 1.0;
				PRODUCT_BUNDLE_IDENTIFIER = "ILWAT-com.github.SeSAC-Media";
				PRODUCT_NAME = "$(TARGET_NAME)";
				SUPPORTED_PLATFORMS = "iphoneos iphonesimulator";
				SUPPORTS_MACCATALYST = NO;
				SUPPORTS_MAC_DESIGNED_FOR_IPHONE_IPAD = YES;
				SWIFT_EMIT_LOC_STRINGS = YES;
				SWIFT_VERSION = 5.0;
				TARGETED_DEVICE_FAMILY = 1;
			};
			name = Release;
		};
/* End XCBuildConfiguration section */

/* Begin XCConfigurationList section */
		DE57E22C2A86240900BA4679 /* Build configuration list for PBXProject "SeSAC_Media" */ = {
			isa = XCConfigurationList;
			buildConfigurations = (
				DE57E2432A86240B00BA4679 /* Debug */,
				DE57E2442A86240B00BA4679 /* Release */,
			);
			defaultConfigurationIsVisible = 0;
			defaultConfigurationName = Release;
		};
		DE57E2452A86240B00BA4679 /* Build configuration list for PBXNativeTarget "SeSAC_Media" */ = {
			isa = XCConfigurationList;
			buildConfigurations = (
				DE57E2462A86240B00BA4679 /* Debug */,
				DE57E2472A86240B00BA4679 /* Release */,
			);
			defaultConfigurationIsVisible = 0;
			defaultConfigurationName = Release;
		};
/* End XCConfigurationList section */

/* Begin XCRemoteSwiftPackageReference section */
		DE57E24B2A862E9200BA4679 /* XCRemoteSwiftPackageReference "Alamofire" */ = {
			isa = XCRemoteSwiftPackageReference;
			repositoryURL = "https://github.com/Alamofire/Alamofire";
			requirement = {
				kind = upToNextMinorVersion;
				minimumVersion = 5.7.0;
			};
		};
		DE57E24E2A862E9E00BA4679 /* XCRemoteSwiftPackageReference "SwiftyJSON" */ = {
			isa = XCRemoteSwiftPackageReference;
			repositoryURL = "https://github.com/SwiftyJSON/SwiftyJSON.git";
			requirement = {
				kind = upToNextMajorVersion;
				minimumVersion = 5.0.0;
			};
		};
		DE57E2512A862EAF00BA4679 /* XCRemoteSwiftPackageReference "Kingfisher" */ = {
			isa = XCRemoteSwiftPackageReference;
			repositoryURL = "https://github.com/onevcat/Kingfisher";
			requirement = {
				kind = upToNextMinorVersion;
				minimumVersion = 7.9.0;
			};
		};
/* End XCRemoteSwiftPackageReference section */

/* Begin XCSwiftPackageProductDependency section */
		DE57E24C2A862E9200BA4679 /* Alamofire */ = {
			isa = XCSwiftPackageProductDependency;
			package = DE57E24B2A862E9200BA4679 /* XCRemoteSwiftPackageReference "Alamofire" */;
			productName = Alamofire;
		};
		DE57E24F2A862E9E00BA4679 /* SwiftyJSON */ = {
			isa = XCSwiftPackageProductDependency;
			package = DE57E24E2A862E9E00BA4679 /* XCRemoteSwiftPackageReference "SwiftyJSON" */;
			productName = SwiftyJSON;
		};
		DE57E2522A862EAF00BA4679 /* Kingfisher */ = {
			isa = XCSwiftPackageProductDependency;
			package = DE57E2512A862EAF00BA4679 /* XCRemoteSwiftPackageReference "Kingfisher" */;
			productName = Kingfisher;
		};
/* End XCSwiftPackageProductDependency section */
	};
	rootObject = DE57E2292A86240900BA4679 /* Project object */;
}
